{
  "requires": true,
  "lockfileVersion": 1,
  "dependencies": {
    "delegate": {
      "version": "3.1.3",
      "resolved": "https://registry.npmjs.org/delegate/-/delegate-3.1.3.tgz",
      "integrity": "sha1-moJRp3fXAl+qVXN7w7BxdCEnqf0="
    },
    "opencollective-postinstall": {
      "version": "2.0.2",
      "resolved": "https://registry.npmjs.org/opencollective-postinstall/-/opencollective-postinstall-2.0.2.tgz",
      "integrity": "sha512-pVOEP16TrAO2/fjej1IdOyupJY8KDUM1CvsaScRbw6oddvpQoOfGk4ywha0HKKVAD6RkW4x6Q+tNBwhf3Bgpuw=="
    },
    "swup": {
      "version": "2.0.8",
      "resolved": "https://registry.npmjs.org/swup/-/swup-2.0.8.tgz",
      "integrity": "sha512-5VzrBOHLG6+DXmOD0SkiNuHpUhnvis4l9OsTcbgIoA/HVR1SI3LX8hs+Z90RXMQ+JDX9gW2bU5EPpFz6H7/tkQ==",
      "requires": {
        "delegate": "3.1.3",
        "opencollective-postinstall": "^2.0.2"
      }
    }
  }
}
